
Microsoft Visual Studio Solution File, Format Version 12.00
# Visual Studio 15
Project("{FAE04EC0-301F-11D3-BF4B-00C04F79EFBC}") = "Notes.Android", "Notes.Android\Notes.Android.csproj", "{060B13C7-81FC-485B-97F0-C98AD767495B}"
EndProject
Project("{FAE04EC0-301F-11D3-BF4B-00C04F79EFBC}") = "Notes.iOS", "Notes.iOS\Notes.iOS.csproj", "{26CAF880-7180-447B-B59E-42404926CB31}"
EndProject
Project("{FAE04EC0-301F-11D3-BF4B-00C04F79EFBC}") = "Notes", "Notes\Notes.csproj", "{3C4E0B69-DFC7-4A94-A900-992470D33554}"
EndProject
Global
	GlobalSection(SolutionConfigurationPlatforms) = preSolution
		Debug|Any CPU = Debug|Any CPU
		Release|Any CPU = Release|Any CPU
		Debug|iPhoneSimulator = Debug|iPhoneSimulator
		Release|iPhoneSimulator = Release|iPhoneSimulator
		Debug|iPhone = Debug|iPhone
		Release|iPhone = Release|iPhone
	EndGlobalSection
	GlobalSection(ProjectConfigurationPlatforms) = postSolution
		{060B13C7-81FC-485B-97F0-C98AD767495B}.Debug|Any CPU.ActiveCfg = Debug|Any CPU
		{060B13C7-81FC-485B-97F0-C98AD767495B}.Debug|Any CPU.Build.0 = Debug|Any CPU
		{060B13C7-81FC-485B-97F0-C98AD767495B}.Release|Any CPU.ActiveCfg = Release|Any CPU
		{060B13C7-81FC-485B-97F0-C98AD767495B}.Release|Any CPU.Build.0 = Release|Any CPU
		{060B13C7-81FC-485B-97F0-C98AD767495B}.Debug|iPhoneSimulator.ActiveCfg = Debug|Any CPU
		{060B13C7-81FC-485B-97F0-C98AD767495B}.Debug|iPhoneSimulator.Build.0 = Debug|Any CPU
		{060B13C7-81FC-485B-97F0-C98AD767495B}.Release|iPhoneSimulator.ActiveCfg = Release|Any CPU
		{060B13C7-81FC-485B-97F0-C98AD767495B}.Release|iPhoneSimulator.Build.0 = Release|Any CPU
		{060B13C7-81FC-485B-97F0-C98AD767495B}.Debug|iPhone.ActiveCfg = Debug|Any CPU
		{060B13C7-81FC-485B-97F0-C98AD767495B}.Debug|iPhone.Build.0 = Debug|Any CPU
		{060B13C7-81FC-485B-97F0-C98AD767495B}.Release|iPhone.ActiveCfg = Release|Any CPU
		{060B13C7-81FC-485B-97F0-C98AD767495B}.Release|iPhone.Build.0 = Release|Any CPU
		{26CAF880-7180-447B-B59E-42404926CB31}.Debug|Any CPU.ActiveCfg = Debug|iPhoneSimulator
		{26CAF880-7180-447B-B59E-42404926CB31}.Debug|Any CPU.Build.0 = Debug|iPhoneSimulator
		{26CAF880-7180-447B-B59E-42404926CB31}.Release|Any CPU.ActiveCfg = Release|iPhoneSimulator
		{26CAF880-7180-447B-B59E-42404926CB31}.Release|Any CPU.Build.0 = Release|iPhoneSimulator
		{26CAF880-7180-447B-B59E-42404926CB31}.Debug|iPhoneSimulator.ActiveCfg = Debug|iPhoneSimulator
		{26CAF880-7180-447B-B59E-42404926CB31}.Debug|iPhoneSimulator.Build.0 = Debug|iPhoneSimulator
		{26CAF880-7180-447B-B59E-42404926CB31}.Release|iPhoneSimulator.ActiveCfg = Release|iPhoneSimulator
		{26CAF880-7180-447B-B59E-42404926CB31}.Release|iPhoneSimulator.Build.0 = Release|iPhoneSimulator
		{26CAF880-7180-447B-B59E-42404926CB31}.Debug|iPhone.ActiveCfg = Debug|iPhone
		{26CAF880-7180-447B-B59E-42404926CB31}.Debug|iPhone.Build.0 = Debug|iPhone
		{26CAF880-7180-447B-B59E-42404926CB31}.Release|iPhone.ActiveCfg = Release|iPhone
		{26CAF880-7180-447B-B59E-42404926CB31}.Release|iPhone.Build.0 = Release|iPhone
		{3C4E0B69-DFC7-4A94-A900-992470D33554}.Debug|Any CPU.ActiveCfg = Debug|Any CPU
		{3C4E0B69-DFC7-4A94-A900-992470D33554}.Debug|Any CPU.Build.0 = Debug|Any CPU
		{3C4E0B69-DFC7-4A94-A900-992470D33554}.Release|Any CPU.ActiveCfg = Release|Any CPU
		{3C4E0B69-DFC7-4A94-A900-992470D33554}.Release|Any CPU.Build.0 = Release|Any CPU
		{3C4E0B69-DFC7-4A94-A900-992470D33554}.Debug|iPhoneSimulator.ActiveCfg = Debug|Any CPU
		{3C4E0B69-DFC7-4A94-A900-992470D33554}.Debug|iPhoneSimulator.Build.0 = Debug|Any CPU
		{3C4E0B69-DFC7-4A94-A900-992470D33554}.Release|iPhoneSimulator.ActiveCfg = Release|Any CPU
		{3C4E0B69-DFC7-4A94-A900-992470D33554}.Release|iPhoneSimulator.Build.0 = Release|Any CPU
		{3C4E0B69-DFC7-4A94-A900-992470D33554}.Debug|iPhone.ActiveCfg = Debug|Any CPU
		{3C4E0B69-DFC7-4A94-A900-992470D33554}.Debug|iPhone.Build.0 = Debug|Any CPU
		{3C4E0B69-DFC7-4A94-A900-992470D33554}.Release|iPhone.ActiveCfg = Release|Any CPU
		{3C4E0B69-DFC7-4A94-A900-992470D33554}.Release|iPhone.Build.0 = Release|Any CPU
	EndGlobalSection
EndGlobal
